
Microsoft Visual Studio Solution File, Format Version 12.00
# Visual Studio Version 17
VisualStudioVersion = 17.5.33516.290
MinimumVisualStudioVersion = 10.0.40219.1
Project("{9A19103F-16F7-4668-BE54-9A1E7A4F7556}") = "PlatformApi", "PlatformApi\PlatformApi.csproj", "{6E232F25-9ED9-4CF5-8BC1-0B5FAF06C4D7}"
EndProject
Project("{FAE04EC0-301F-11D3-BF4B-00C04F79EFBC}") = "PlatformApiTests", "PlatformApiTests\PlatformApiTests.csproj", "{87BD2517-39C8-4B17-8017-302257920EE6}"
EndProject
Global
	GlobalSection(SolutionConfigurationPlatforms) = preSolution
		Debug|Any CPU = Debug|Any CPU
		Release|Any CPU = Release|Any CPU
	EndGlobalSection
	GlobalSection(ProjectConfigurationPlatforms) = postSolution
		{6E232F25-9ED9-4CF5-8BC1-0B5FAF06C4D7}.Debug|Any CPU.ActiveCfg = Debug|Any CPU
		{6E232F25-9ED9-4CF5-8BC1-0B5FAF06C4D7}.Debug|Any CPU.Build.0 = Debug|Any CPU
		{6E232F25-9ED9-4CF5-8BC1-0B5FAF06C4D7}.Release|Any CPU.ActiveCfg = Release|Any CPU
		{6E232F25-9ED9-4CF5-8BC1-0B5FAF06C4D7}.Release|Any CPU.Build.0 = Release|Any CPU
		{87BD2517-39C8-4B17-8017-302257920EE6}.Debug|Any CPU.ActiveCfg = Debug|Any CPU
		{87BD2517-39C8-4B17-8017-302257920EE6}.Debug|Any CPU.Build.0 = Debug|Any CPU
		{87BD2517-39C8-4B17-8017-302257920EE6}.Release|Any CPU.ActiveCfg = Release|Any CPU
		{87BD2517-39C8-4B17-8017-302257920EE6}.Release|Any CPU.Build.0 = Release|Any CPU
	EndGlobalSection
	GlobalSection(SolutionProperties) = preSolution
		HideSolutionNode = FALSE
	EndGlobalSection
	GlobalSection(ExtensibilityGlobals) = postSolution
		SolutionGuid = {2C0AC4FC-FD65-41A2-8EF3-CAAD88A85EF6}
	EndGlobalSection
EndGlobal
